{
  "nodes": {
    "flake-utils": {
      "locked": {
        "lastModified": 1623875721,
        "narHash": "sha256-A8BU7bjS5GirpAUv4QA+QnJ4CceLHkcXdRp4xITDB0s=",
        "owner": "numtide",
        "repo": "flake-utils",
        "rev": "f7e004a55b120c02ecb6219596820fcd32ca8772",
        "type": "github"
      },
      "original": {
        "owner": "numtide",
        "repo": "flake-utils",
        "type": "github"
      }
    },
    "nixpkgs": {
      "locked": {
        "lastModified": 1625692408,
        "narHash": "sha256-e9L3TLLDVIJpMnHtiNHJE62oOh6emRtSZ244bgYJUZs=",
        "owner": "nixos",
        "repo": "nixpkgs",
        "rev": "c06613c25df3fe1dd26243847a3c105cf6770627",
        "type": "github"
      },
      "original": {
        "owner": "nixos",
        "ref": "nixos-21.05",
        "repo": "nixpkgs",
        "type": "github"
      }
    },
    "root": {
      "inputs": {
        "flake-utils": "flake-utils",
        "nixpkgs": "nixpkgs",
        "s7-man": "s7-man",
        "s7-src": "s7-src"
      }
    },
    "s7-man": {
      "flake": false,
      "locked": {
        "lastModified": 1626386737,
        "narHash": "sha256-eBlZsAybE01GkNeJDhfeGoyo774m/dbNed2d/pAveHA=",
        "owner": "mobileink",
        "repo": "s7",
        "rev": "949d245dac35ca36bab54d8f7826b279b5dd7755",
        "type": "github"
      },
      "original": {
        "owner": "mobileink",
        "repo": "s7",
        "type": "github"
      }
    },
    "s7-src": {
      "flake": false,
      "locked": {
        "lastModified": 1626429727,
        "narHash": "sha256-QIKzWCDTt3jDrcn24rM4fWgzyoLyIsgYI6J1iftsWcI=",
        "ref": "master",
        "rev": "9a557f67fc6cb65fc9d11e070635e1f6638a74b5",
        "revCount": 276,
        "type": "git",
        "url": "https://cm-gitlab.stanford.edu/bil/s7.git"
      },
      "original": {
        "type": "git",
        "url": "https://cm-gitlab.stanford.edu/bil/s7.git"
      }
    }
  },
  "root": "root",
  "version": 7
}
