{
  "nodes": {
    "flake-utils": {
      "locked": {
        "lastModified": 1623875721,
        "narHash": "sha256-A8BU7bjS5GirpAUv4QA+QnJ4CceLHkcXdRp4xITDB0s=",
        "owner": "numtide",
        "repo": "flake-utils",
        "rev": "f7e004a55b120c02ecb6219596820fcd32ca8772",
        "type": "github"
      },
      "original": {
        "owner": "numtide",
        "repo": "flake-utils",
        "type": "github"
      }
    },
    "nixpkgs": {
      "locked": {
        "lastModified": 1625692408,
        "narHash": "sha256-e9L3TLLDVIJpMnHtiNHJE62oOh6emRtSZ244bgYJUZs=",
        "owner": "nixos",
        "repo": "nixpkgs",
        "rev": "c06613c25df3fe1dd26243847a3c105cf6770627",
        "type": "github"
      },
      "original": {
        "owner": "nixos",
        "ref": "nixos-21.05",
        "repo": "nixpkgs",
        "type": "github"
      }
    },
    "root": {
      "inputs": {
        "flake-utils": "flake-utils",
        "nixpkgs": "nixpkgs",
        "s7-man": "s7-man",
        "s7-src": "s7-src"
      }
    },
    "s7-man": {
      "flake": false,
      "locked": {
        "lastModified": 1626524643,
        "narHash": "sha256-RiGrxdG47zxDup29VMx1J0rG4oa4T+yHPU+vEpQsZKQ=",
        "owner": "mobileink",
        "repo": "s7",
        "rev": "c52d864e164f10d1a73f77b5d74e67faaca8ba71",
        "type": "github"
      },
      "original": {
        "owner": "mobileink",
        "repo": "s7",
        "type": "github"
      }
    },
    "s7-src": {
      "flake": false,
      "locked": {
        "lastModified": 1626516357,
        "narHash": "sha256-bgVHV4kk0dF4g5oQIvmtURW7FENDkV8NNoKg3gNFxW4=",
        "ref": "master",
        "rev": "cee4bae9b8dfd0aaac4044ed3c052c389a629a3e",
        "revCount": 277,
        "type": "git",
        "url": "https://cm-gitlab.stanford.edu/bil/s7.git"
      },
      "original": {
        "type": "git",
        "url": "https://cm-gitlab.stanford.edu/bil/s7.git"
      }
    }
  },
  "root": "root",
  "version": 7
}
